// !$*UTF8*$!
{
	archiveVersion = 1;
	classes = {
	};
	objectVersion = 56;
	objects = {

/* Begin PBXBuildFile section */
		115085882B6E1CAC008BE061 /* AppDelegate.swift in Sources */ = {isa = PBXBuildFile; fileRef = 115085872B6E1CAC008BE061 /* AppDelegate.swift */; };
		1150858A2B6E1CAC008BE061 /* SceneDelegate.swift in Sources */ = {isa = PBXBuildFile; fileRef = 115085892B6E1CAC008BE061 /* SceneDelegate.swift */; };
		1150858C2B6E1CAC008BE061 /* ViewController.swift in Sources */ = {isa = PBXBuildFile; fileRef = 1150858B2B6E1CAC008BE061 /* ViewController.swift */; };
		1150858F2B6E1CAC008BE061 /* Main.storyboard in Resources */ = {isa = PBXBuildFile; fileRef = 1150858D2B6E1CAC008BE061 /* Main.storyboard */; };
		115085922B6E1CAC008BE061 /* BirthdayApp.xcdatamodeld in Sources */ = {isa = PBXBuildFile; fileRef = 115085902B6E1CAC008BE061 /* BirthdayApp.xcdatamodeld */; };
		115085942B6E1CAE008BE061 /* Assets.xcassets in Resources */ = {isa = PBXBuildFile; fileRef = 115085932B6E1CAE008BE061 /* Assets.xcassets */; };
		115085972B6E1CAE008BE061 /* LaunchScreen.storyboard in Resources */ = {isa = PBXBuildFile; fileRef = 115085952B6E1CAE008BE061 /* LaunchScreen.storyboard */; };
		115085A42B6EC76B008BE061 /* NewInfoViewController.swift in Sources */ = {isa = PBXBuildFile; fileRef = 115085A32B6EC76B008BE061 /* NewInfoViewController.swift */; };
		115085A62B6EC778008BE061 /* NewInfoViewModel.swift in Sources */ = {isa = PBXBuildFile; fileRef = 115085A52B6EC778008BE061 /* NewInfoViewModel.swift */; };
		115085AA2B6EC7A7008BE061 /* BirthdayListViewController.swift in Sources */ = {isa = PBXBuildFile; fileRef = 115085A92B6EC7A7008BE061 /* BirthdayListViewController.swift */; };
		115085AC2B6EC7B5008BE061 /* BirthdayListViewModel.swift in Sources */ = {isa = PBXBuildFile; fileRef = 115085AB2B6EC7B5008BE061 /* BirthdayListViewModel.swift */; };
		115085AF2B6EC7CB008BE061 /* CoreDataManager.swift in Sources */ = {isa = PBXBuildFile; fileRef = 115085AE2B6EC7CB008BE061 /* CoreDataManager.swift */; };
		115085B22B6EC838008BE061 /* NotificationManager.swift in Sources */ = {isa = PBXBuildFile; fileRef = 115085B12B6EC838008BE061 /* NotificationManager.swift */; };
/* End PBXBuildFile section */

/* Begin PBXFileReference section */
		115085842B6E1CAC008BE061 /* BirthdayApp.app */ = {isa = PBXFileReference; explicitFileType = wrapper.application; includeInIndex = 0; path = BirthdayApp.app; sourceTree = BUILT_PRODUCTS_DIR; };
		115085872B6E1CAC008BE061 /* AppDelegate.swift */ = {isa = PBXFileReference; lastKnownFileType = sourcecode.swift; path = AppDelegate.swift; sourceTree = "<group>"; };
		115085892B6E1CAC008BE061 /* SceneDelegate.swift */ = {isa = PBXFileReference; lastKnownFileType = sourcecode.swift; path = SceneDelegate.swift; sourceTree = "<group>"; };
		1150858B2B6E1CAC008BE061 /* ViewController.swift */ = {isa = PBXFileReference; lastKnownFileType = sourcecode.swift; path = ViewController.swift; sourceTree = "<group>"; };
		1150858E2B6E1CAC008BE061 /* Base */ = {isa = PBXFileReference; lastKnownFileType = file.storyboard; name = Base; path = Base.lproj/Main.storyboard; sourceTree = "<group>"; };
		115085912B6E1CAC008BE061 /* BirthdayApp.xcdatamodel */ = {isa = PBXFileReference; lastKnownFileType = wrapper.xcdatamodel; path = BirthdayApp.xcdatamodel; sourceTree = "<group>"; };
		115085932B6E1CAE008BE061 /* Assets.xcassets */ = {isa = PBXFileReference; lastKnownFileType = folder.assetcatalog; path = Assets.xcassets; sourceTree = "<group>"; };
		115085962B6E1CAE008BE061 /* Base */ = {isa = PBXFileReference; lastKnownFileType = file.storyboard; name = Base; path = Base.lproj/LaunchScreen.storyboard; sourceTree = "<group>"; };
		115085982B6E1CAE008BE061 /* Info.plist */ = {isa = PBXFileReference; lastKnownFileType = text.plist.xml; path = Info.plist; sourceTree = "<group>"; };
		115085A32B6EC76B008BE061 /* NewInfoViewController.swift */ = {isa = PBXFileReference; lastKnownFileType = sourcecode.swift; path = NewInfoViewController.swift; sourceTree = "<group>"; };
		115085A52B6EC778008BE061 /* NewInfoViewModel.swift */ = {isa = PBXFileReference; lastKnownFileType = sourcecode.swift; path = NewInfoViewModel.swift; sourceTree = "<group>"; };
		115085A92B6EC7A7008BE061 /* BirthdayListViewController.swift */ = {isa = PBXFileReference; lastKnownFileType = sourcecode.swift; path = BirthdayListViewController.swift; sourceTree = "<group>"; };
		115085AB2B6EC7B5008BE061 /* BirthdayListViewModel.swift */ = {isa = PBXFileReference; lastKnownFileType = sourcecode.swift; path = BirthdayListViewModel.swift; sourceTree = "<group>"; };
		115085AE2B6EC7CB008BE061 /* CoreDataManager.swift */ = {isa = PBXFileReference; lastKnownFileType = sourcecode.swift; path = CoreDataManager.swift; sourceTree = "<group>"; };
		115085B12B6EC838008BE061 /* NotificationManager.swift */ = {isa = PBXFileReference; lastKnownFileType = sourcecode.swift; path = NotificationManager.swift; sourceTree = "<group>"; };
/* End PBXFileReference section */

/* Begin PBXFrameworksBuildPhase section */
		115085812B6E1CAC008BE061 /* Frameworks */ = {
			isa = PBXFrameworksBuildPhase;
			buildActionMask = 2147483647;
			files = (
			);
			runOnlyForDeploymentPostprocessing = 0;
		};
/* End PBXFrameworksBuildPhase section */

/* Begin PBXGroup section */
		1150857B2B6E1CAC008BE061 = {
			isa = PBXGroup;
			children = (
				115085862B6E1CAC008BE061 /* BirthdayApp */,
				115085852B6E1CAC008BE061 /* Products */,
			);
			sourceTree = "<group>";
		};
		115085852B6E1CAC008BE061 /* Products */ = {
			isa = PBXGroup;
			children = (
				115085842B6E1CAC008BE061 /* BirthdayApp.app */,
			);
			name = Products;
			sourceTree = "<group>";
		};
		115085862B6E1CAC008BE061 /* BirthdayApp */ = {
			isa = PBXGroup;
			children = (
				1150859E2B6EC6FA008BE061 /* ViewControllers */,
				115085872B6E1CAC008BE061 /* AppDelegate.swift */,
				115085892B6E1CAC008BE061 /* SceneDelegate.swift */,
				1150858B2B6E1CAC008BE061 /* ViewController.swift */,
				1150858D2B6E1CAC008BE061 /* Main.storyboard */,
				115085932B6E1CAE008BE061 /* Assets.xcassets */,
				115085952B6E1CAE008BE061 /* LaunchScreen.storyboard */,
				115085982B6E1CAE008BE061 /* Info.plist */,
				115085902B6E1CAC008BE061 /* BirthdayApp.xcdatamodeld */,
			);
			path = BirthdayApp;
			sourceTree = "<group>";
		};
		1150859E2B6EC6FA008BE061 /* ViewControllers */ = {
			isa = PBXGroup;
			children = (
				115085B02B6EC81F008BE061 /* NotificationManager */,
				115085AD2B6EC7BB008BE061 /* CoreDataManager */,
				115085A82B6EC78B008BE061 /* BirthdayListViewController */,
				115085A22B6EC757008BE061 /* NewInfoViewController */,
			);
			path = ViewControllers;
			sourceTree = "<group>";
		};
		115085A22B6EC757008BE061 /* NewInfoViewController */ = {
			isa = PBXGroup;
			children = (
				115085A32B6EC76B008BE061 /* NewInfoViewController.swift */,
				115085A52B6EC778008BE061 /* NewInfoViewModel.swift */,
			);
			path = NewInfoViewController;
			sourceTree = "<group>";
		};
		115085A82B6EC78B008BE061 /* BirthdayListViewController */ = {
			isa = PBXGroup;
			children = (
				115085A92B6EC7A7008BE061 /* BirthdayListViewController.swift */,
				115085AB2B6EC7B5008BE061 /* BirthdayListViewModel.swift */,
			);
			path = BirthdayListViewController;
			sourceTree = "<group>";
		};
		115085AD2B6EC7BB008BE061 /* CoreDataManager */ = {
			isa = PBXGroup;
			children = (
				115085AE2B6EC7CB008BE061 /* CoreDataManager.swift */,
			);
			path = CoreDataManager;
			sourceTree = "<group>";
		};
		115085B02B6EC81F008BE061 /* NotificationManager */ = {
			isa = PBXGroup;
			children = (
				115085B12B6EC838008BE061 /* NotificationManager.swift */,
			);
			path = NotificationManager;
			sourceTree = "<group>";
		};
/* End PBXGroup section */

/* Begin PBXNativeTarget section */
		115085832B6E1CAC008BE061 /* BirthdayApp */ = {
			isa = PBXNativeTarget;
			buildConfigurationList = 1150859B2B6E1CAE008BE061 /* Build configuration list for PBXNativeTarget "BirthdayApp" */;
			buildPhases = (
				115085802B6E1CAC008BE061 /* Sources */,
				115085812B6E1CAC008BE061 /* Frameworks */,
				115085822B6E1CAC008BE061 /* Resources */,
			);
			buildRules = (
			);
			dependencies = (
			);
			name = BirthdayApp;
			productName = BirthdayApp;
			productReference = 115085842B6E1CAC008BE061 /* BirthdayApp.app */;
			productType = "com.apple.product-type.application";
		};
/* End PBXNativeTarget section */

/* Begin PBXProject section */
		1150857C2B6E1CAC008BE061 /* Project object */ = {
			isa = PBXProject;
			attributes = {
				BuildIndependentTargetsInParallel = 1;
				LastSwiftUpdateCheck = 1520;
				LastUpgradeCheck = 1520;
				TargetAttributes = {
					115085832B6E1CAC008BE061 = {
						CreatedOnToolsVersion = 15.2;
					};
				};
			};
			buildConfigurationList = 1150857F2B6E1CAC008BE061 /* Build configuration list for PBXProject "BirthdayApp" */;
			compatibilityVersion = "Xcode 14.0";
			developmentRegion = en;
			hasScannedForEncodings = 0;
			knownRegions = (
				en,
				Base,
			);
			mainGroup = 1150857B2B6E1CAC008BE061;
			productRefGroup = 115085852B6E1CAC008BE061 /* Products */;
			projectDirPath = "";
			projectRoot = "";
			targets = (
				115085832B6E1CAC008BE061 /* BirthdayApp */,
			);
		};
/* End PBXProject section */

/* Begin PBXResourcesBuildPhase section */
		115085822B6E1CAC008BE061 /* Resources */ = {
			isa = PBXResourcesBuildPhase;
			buildActionMask = 2147483647;
			files = (
				115085972B6E1CAE008BE061 /* LaunchScreen.storyboard in Resources */,
				115085942B6E1CAE008BE061 /* Assets.xcassets in Resources */,
				1150858F2B6E1CAC008BE061 /* Main.storyboard in Resources */,
			);
			runOnlyForDeploymentPostprocessing = 0;
		};
/* End PBXResourcesBuildPhase section */

/* Begin PBXSourcesBuildPhase section */
		115085802B6E1CAC008BE061 /* Sources */ = {
			isa = PBXSourcesBuildPhase;
			buildActionMask = 2147483647;
			files = (
				115085922B6E1CAC008BE061 /* BirthdayApp.xcdatamodeld in Sources */,
				1150858C2B6E1CAC008BE061 /* ViewController.swift in Sources */,
				115085B22B6EC838008BE061 /* NotificationManager.swift in Sources */,
				115085882B6E1CAC008BE061 /* AppDelegate.swift in Sources */,
				115085AA2B6EC7A7008BE061 /* BirthdayListViewController.swift in Sources */,
				1150858A2B6E1CAC008BE061 /* SceneDelegate.swift in Sources */,
				115085AC2B6EC7B5008BE061 /* BirthdayListViewModel.swift in Sources */,
				115085AF2B6EC7CB008BE061 /* CoreDataManager.swift in Sources */,
				115085A42B6EC76B008BE061 /* NewInfoViewController.swift in Sources */,
				115085A62B6EC778008BE061 /* NewInfoViewModel.swift in Sources */,
			);
			runOnlyForDeploymentPostprocessing = 0;
		};
/* End PBXSourcesBuildPhase section */

/* Begin PBXVariantGroup section */
		1150858D2B6E1CAC008BE061 /* Main.storyboard */ = {
			isa = PBXVariantGroup;
			children = (
				1150858E2B6E1CAC008BE061 /* Base */,
			);
			name = Main.storyboard;
			sourceTree = "<group>";
		};
		115085952B6E1CAE008BE061 /* LaunchScreen.storyboard */ = {
			isa = PBXVariantGroup;
			children = (
				115085962B6E1CAE008BE061 /* Base */,
			);
			name = LaunchScreen.storyboard;
			sourceTree = "<group>";
		};
/* End PBXVariantGroup section */

/* Begin XCBuildConfiguration section */
		115085992B6E1CAE008BE061 /* Debug */ = {
			isa = XCBuildConfiguration;
			buildSettings = {
				ALWAYS_SEARCH_USER_PATHS = NO;
				ASSETCATALOG_COMPILER_GENERATE_SWIFT_ASSET_SYMBOL_EXTENSIONS = YES;
				CLANG_ANALYZER_NONNULL = YES;
				CLANG_ANALYZER_NUMBER_OBJECT_CONVERSION = YES_AGGRESSIVE;
				CLANG_CXX_LANGUAGE_STANDARD = "gnu++20";
				CLANG_ENABLE_MODULES = YES;
				CLANG_ENABLE_OBJC_ARC = YES;
				CLANG_ENABLE_OBJC_WEAK = YES;
				CLANG_WARN_BLOCK_CAPTURE_AUTORELEASING = YES;
				CLANG_WARN_BOOL_CONVERSION = YES;
				CLANG_WARN_COMMA = YES;
				CLANG_WARN_CONSTANT_CONVERSION = YES;
				CLANG_WARN_DEPRECATED_OBJC_IMPLEMENTATIONS = YES;
				CLANG_WARN_DIRECT_OBJC_ISA_USAGE = YES_ERROR;
				CLANG_WARN_DOCUMENTATION_COMMENTS = YES;
				CLANG_WARN_EMPTY_BODY = YES;
				CLANG_WARN_ENUM_CONVERSION = YES;
				CLANG_WARN_INFINITE_RECURSION = YES;
				CLANG_WARN_INT_CONVERSION = YES;
				CLANG_WARN_NON_LITERAL_NULL_CONVERSION = YES;
				CLANG_WARN_OBJC_IMPLICIT_RETAIN_SELF = YES;
				CLANG_WARN_OBJC_LITERAL_CONVERSION = YES;
				CLANG_WARN_OBJC_ROOT_CLASS = YES_ERROR;
				CLANG_WARN_QUOTED_INCLUDE_IN_FRAMEWORK_HEADER = YES;
				CLANG_WARN_RANGE_LOOP_ANALYSIS = YES;
				CLANG_WARN_STRICT_PROTOTYPES = YES;
				CLANG_WARN_SUSPICIOUS_MOVE = YES;
				CLANG_WARN_UNGUARDED_AVAILABILITY = YES_AGGRESSIVE;
				CLANG_WARN_UNREACHABLE_CODE = YES;
				CLANG_WARN__DUPLICATE_METHOD_MATCH = YES;
				COPY_PHASE_STRIP = NO;
				DEBUG_INFORMATION_FORMAT = dwarf;
				ENABLE_STRICT_OBJC_MSGSEND = YES;
				ENABLE_TESTABILITY = YES;
				ENABLE_USER_SCRIPT_SANDBOXING = YES;
				GCC_C_LANGUAGE_STANDARD = gnu17;
				GCC_DYNAMIC_NO_PIC = NO;
				GCC_NO_COMMON_BLOCKS = YES;
				GCC_OPTIMIZATION_LEVEL = 0;
				GCC_PREPROCESSOR_DEFINITIONS = (
					"DEBUG=1",
					"$(inherited)",
				);
				GCC_WARN_64_TO_32_BIT_CONVERSION = YES;
				GCC_WARN_ABOUT_RETURN_TYPE = YES_ERROR;
				GCC_WARN_UNDECLARED_SELECTOR = YES;
				GCC_WARN_UNINITIALIZED_AUTOS = YES_AGGRESSIVE;
				GCC_WARN_UNUSED_FUNCTION = YES;
				GCC_WARN_UNUSED_VARIABLE = YES;
				IPHONEOS_DEPLOYMENT_TARGET = 17.2;
				LOCALIZATION_PREFERS_STRING_CATALOGS = YES;
				MTL_ENABLE_DEBUG_INFO = INCLUDE_SOURCE;
				MTL_FAST_MATH = YES;
				ONLY_ACTIVE_ARCH = YES;
				SDKROOT = iphoneos;
				SWIFT_ACTIVE_COMPILATION_CONDITIONS = "DEBUG $(inherited)";
				SWIFT_OPTIMIZATION_LEVEL = "-Onone";
			};
			name = Debug;
		};
		1150859A2B6E1CAE008BE061 /* Release */ = {
			isa = XCBuildConfiguration;
			buildSettings = {
				ALWAYS_SEARCH_USER_PATHS = NO;
				ASSETCATALOG_COMPILER_GENERATE_SWIFT_ASSET_SYMBOL_EXTENSIONS = YES;
				CLANG_ANALYZER_NONNULL = YES;
				CLANG_ANALYZER_NUMBER_OBJECT_CONVERSION = YES_AGGRESSIVE;
				CLANG_CXX_LANGUAGE_STANDARD = "gnu++20";
				CLANG_ENABLE_MODULES = YES;
				CLANG_ENABLE_OBJC_ARC = YES;
				CLANG_ENABLE_OBJC_WEAK = YES;
				CLANG_WARN_BLOCK_CAPTURE_AUTORELEASING = YES;
				CLANG_WARN_BOOL_CONVERSION = YES;
				CLANG_WARN_COMMA = YES;
				CLANG_WARN_CONSTANT_CONVERSION = YES;
				CLANG_WARN_DEPRECATED_OBJC_IMPLEMENTATIONS = YES;
				CLANG_WARN_DIRECT_OBJC_ISA_USAGE = YES_ERROR;
				CLANG_WARN_DOCUMENTATION_COMMENTS = YES;
				CLANG_WARN_EMPTY_BODY = YES;
				CLANG_WARN_ENUM_CONVERSION = YES;
				CLANG_WARN_INFINITE_RECURSION = YES;
				CLANG_WARN_INT_CONVERSION = YES;
				CLANG_WARN_NON_LITERAL_NULL_CONVERSION = YES;
				CLANG_WARN_OBJC_IMPLICIT_RETAIN_SELF = YES;
				CLANG_WARN_OBJC_LITERAL_CONVERSION = YES;
				CLANG_WARN_OBJC_ROOT_CLASS = YES_ERROR;
				CLANG_WARN_QUOTED_INCLUDE_IN_FRAMEWORK_HEADER = YES;
				CLANG_WARN_RANGE_LOOP_ANALYSIS = YES;
				CLANG_WARN_STRICT_PROTOTYPES = YES;
				CLANG_WARN_SUSPICIOUS_MOVE = YES;
				CLANG_WARN_UNGUARDED_AVAILABILITY = YES_AGGRESSIVE;
				CLANG_WARN_UNREACHABLE_CODE = YES;
				CLANG_WARN__DUPLICATE_METHOD_MATCH = YES;
				COPY_PHASE_STRIP = NO;
				DEBUG_INFORMATION_FORMAT = "dwarf-with-dsym";
				ENABLE_NS_ASSERTIONS = NO;
				ENABLE_STRICT_OBJC_MSGSEND = YES;
				ENABLE_USER_SCRIPT_SANDBOXING = YES;
				GCC_C_LANGUAGE_STANDARD = gnu17;
				GCC_NO_COMMON_BLOCKS = YES;
				GCC_WARN_64_TO_32_BIT_CONVERSION = YES;
				GCC_WARN_ABOUT_RETURN_TYPE = YES_ERROR;
				GCC_WARN_UNDECLARED_SELECTOR = YES;
				GCC_WARN_UNINITIALIZED_AUTOS = YES_AGGRESSIVE;
				GCC_WARN_UNUSED_FUNCTION = YES;
				GCC_WARN_UNUSED_VARIABLE = YES;
				IPHONEOS_DEPLOYMENT_TARGET = 17.2;
				LOCALIZATION_PREFERS_STRING_CATALOGS = YES;
				MTL_ENABLE_DEBUG_INFO = NO;
				MTL_FAST_MATH = YES;
				SDKROOT = iphoneos;
				SWIFT_COMPILATION_MODE = wholemodule;
				VALIDATE_PRODUCT = YES;
			};
			name = Release;
		};
		1150859C2B6E1CAE008BE061 /* Debug */ = {
			isa = XCBuildConfiguration;
			buildSettings = {
				ASSETCATALOG_COMPILER_APPICON_NAME = AppIcon;
				ASSETCATALOG_COMPILER_GLOBAL_ACCENT_COLOR_NAME = AccentColor;
				CODE_SIGN_STYLE = Automatic;
				CURRENT_PROJECT_VERSION = 1;
				GENERATE_INFOPLIST_FILE = YES;
				INFOPLIST_FILE = BirthdayApp/Info.plist;
				INFOPLIST_KEY_UIApplicationSupportsIndirectInputEvents = YES;
				INFOPLIST_KEY_UILaunchStoryboardName = LaunchScreen;
				INFOPLIST_KEY_UIMainStoryboardFile = Main;
				INFOPLIST_KEY_UISupportedInterfaceOrientations_iPad = "UIInterfaceOrientationPortrait UIInterfaceOrientationPortraitUpsideDown UIInterfaceOrientationLandscapeLeft UIInterfaceOrientationLandscapeRight";
				INFOPLIST_KEY_UISupportedInterfaceOrientations_iPhone = "UIInterfaceOrientationPortrait UIInterfaceOrientationLandscapeLeft UIInterfaceOrientationLandscapeRight";
				LD_RUNPATH_SEARCH_PATHS = (
					"$(inherited)",
					"@executable_path/Frameworks",
				);
				MARKETING_VERSION = 1.0;
				PRODUCT_BUNDLE_IDENTIFIER = BataullinAnton.BirthdayApp;
				PRODUCT_NAME = "$(TARGET_NAME)";
				SWIFT_EMIT_LOC_STRINGS = YES;
				SWIFT_VERSION = 5.0;
				TARGETED_DEVICE_FAMILY = "1,2";
			};
			name = Debug;
		};
		1150859D2B6E1CAE008BE061 /* Release */ = {
			isa = XCBuildConfiguration;
			buildSettings = {
				ASSETCATALOG_COMPILER_APPICON_NAME = AppIcon;
				ASSETCATALOG_COMPILER_GLOBAL_ACCENT_COLOR_NAME = AccentColor;
				CODE_SIGN_STYLE = Automatic;
				CURRENT_PROJECT_VERSION = 1;
				GENERATE_INFOPLIST_FILE = YES;
				INFOPLIST_FILE = BirthdayApp/Info.plist;
				INFOPLIST_KEY_UIApplicationSupportsIndirectInputEvents = YES;
				INFOPLIST_KEY_UILaunchStoryboardName = LaunchScreen;
				INFOPLIST_KEY_UIMainStoryboardFile = Main;
				INFOPLIST_KEY_UISupportedInterfaceOrientations_iPad = "UIInterfaceOrientationPortrait UIInterfaceOrientationPortraitUpsideDown UIInterfaceOrientationLandscapeLeft UIInterfaceOrientationLandscapeRight";
				INFOPLIST_KEY_UISupportedInterfaceOrientations_iPhone = "UIInterfaceOrientationPortrait UIInterfaceOrientationLandscapeLeft UIInterfaceOrientationLandscapeRight";
				LD_RUNPATH_SEARCH_PATHS = (
					"$(inherited)",
					"@executable_path/Frameworks",
				);
				MARKETING_VERSION = 1.0;
				PRODUCT_BUNDLE_IDENTIFIER = BataullinAnton.BirthdayApp;
				PRODUCT_NAME = "$(TARGET_NAME)";
				SWIFT_EMIT_LOC_STRINGS = YES;
				SWIFT_VERSION = 5.0;
				TARGETED_DEVICE_FAMILY = "1,2";
			};
			name = Release;
		};
/* End XCBuildConfiguration section */

/* Begin XCConfigurationList section */
		1150857F2B6E1CAC008BE061 /* Build configuration list for PBXProject "BirthdayApp" */ = {
			isa = XCConfigurationList;
			buildConfigurations = (
				115085992B6E1CAE008BE061 /* Debug */,
				1150859A2B6E1CAE008BE061 /* Release */,
			);
			defaultConfigurationIsVisible = 0;
			defaultConfigurationName = Release;
		};
		1150859B2B6E1CAE008BE061 /* Build configuration list for PBXNativeTarget "BirthdayApp" */ = {
			isa = XCConfigurationList;
			buildConfigurations = (
				1150859C2B6E1CAE008BE061 /* Debug */,
				1150859D2B6E1CAE008BE061 /* Release */,
			);
			defaultConfigurationIsVisible = 0;
			defaultConfigurationName = Release;
		};
/* End XCConfigurationList section */

/* Begin XCVersionGroup section */
		115085902B6E1CAC008BE061 /* BirthdayApp.xcdatamodeld */ = {
			isa = XCVersionGroup;
			children = (
				115085912B6E1CAC008BE061 /* BirthdayApp.xcdatamodel */,
			);
			currentVersion = 115085912B6E1CAC008BE061 /* BirthdayApp.xcdatamodel */;
			path = BirthdayApp.xcdatamodeld;
			sourceTree = "<group>";
			versionGroupType = wrapper.xcdatamodel;
		};
/* End XCVersionGroup section */
	};
	rootObject = 1150857C2B6E1CAC008BE061 /* Project object */;
}
